
Microsoft Visual Studio Solution File, Format Version 12.00
# Visual Studio Version 17
VisualStudioVersion = 17.5.002.0
MinimumVisualStudioVersion = 10.0.40219.1
Project("{9A19103F-16F7-4668-BE54-9A1E7A4F7556}") = "Develop02", "Develop02.csproj", "{A29B05A4-7771-4A84-AA6D-00093710DA2B}"
EndProject
Global
	GlobalSection(SolutionConfigurationPlatforms) = preSolution
		Debug|Any CPU = Debug|Any CPU
		Release|Any CPU = Release|Any CPU
	EndGlobalSection
	GlobalSection(ProjectConfigurationPlatforms) = postSolution
		{A29B05A4-7771-4A84-AA6D-00093710DA2B}.Debug|Any CPU.ActiveCfg = Debug|Any CPU
		{A29B05A4-7771-4A84-AA6D-00093710DA2B}.Debug|Any CPU.Build.0 = Debug|Any CPU
		{A29B05A4-7771-4A84-AA6D-00093710DA2B}.Release|Any CPU.ActiveCfg = Release|Any CPU
		{A29B05A4-7771-4A84-AA6D-00093710DA2B}.Release|Any CPU.Build.0 = Release|Any CPU
	EndGlobalSection
	GlobalSection(SolutionProperties) = preSolution
		HideSolutionNode = FALSE
	EndGlobalSection
	GlobalSection(ExtensibilityGlobals) = postSolution
		SolutionGuid = {536ED0D7-352E-4CFD-90E7-2F85D6A46E40}
	EndGlobalSection
EndGlobal
